
Microsoft Visual Studio Solution File, Format Version 12.00
# Visual Studio Version 16
VisualStudioVersion = 16.0.29215.179
MinimumVisualStudioVersion = 10.0.40219.1
Project("{9A19103F-16F7-4668-BE54-9A1E7A4F7556}") = "API-Processos-Core", "API-Processos-Core.csproj", "{F7FD38BC-9517-493B-85AD-CD698410371F}"
EndProject
Project("{FAE04EC0-301F-11D3-BF4B-00C04F79EFBC}") = "TestesUnitarios", "..\TestesUnitarios\TestesUnitarios.csproj", "{B7693608-F3E0-4335-99E5-BCEBA3A69ED0}"
EndProject
Global
	GlobalSection(SolutionConfigurationPlatforms) = preSolution
		Debug|Any CPU = Debug|Any CPU
		Release|Any CPU = Release|Any CPU
	EndGlobalSection
	GlobalSection(ProjectConfigurationPlatforms) = postSolution
		{F7FD38BC-9517-493B-85AD-CD698410371F}.Debug|Any CPU.ActiveCfg = Debug|Any CPU
		{F7FD38BC-9517-493B-85AD-CD698410371F}.Debug|Any CPU.Build.0 = Debug|Any CPU
		{F7FD38BC-9517-493B-85AD-CD698410371F}.Release|Any CPU.ActiveCfg = Release|Any CPU
		{F7FD38BC-9517-493B-85AD-CD698410371F}.Release|Any CPU.Build.0 = Release|Any CPU
		{B7693608-F3E0-4335-99E5-BCEBA3A69ED0}.Debug|Any CPU.ActiveCfg = Debug|Any CPU
		{B7693608-F3E0-4335-99E5-BCEBA3A69ED0}.Debug|Any CPU.Build.0 = Debug|Any CPU
		{B7693608-F3E0-4335-99E5-BCEBA3A69ED0}.Release|Any CPU.ActiveCfg = Release|Any CPU
		{B7693608-F3E0-4335-99E5-BCEBA3A69ED0}.Release|Any CPU.Build.0 = Release|Any CPU
	EndGlobalSection
	GlobalSection(SolutionProperties) = preSolution
		HideSolutionNode = FALSE
	EndGlobalSection
	GlobalSection(ExtensibilityGlobals) = postSolution
		SolutionGuid = {C3AC83E3-FE97-4DBF-9388-DD58BA1C9E75}
	EndGlobalSection
EndGlobal
